
Microsoft Visual Studio Solution File, Format Version 12.00
# Visual Studio Version 17
VisualStudioVersion = 17.5.002.0
MinimumVisualStudioVersion = 10.0.40219.1
Project("{2150E333-8FDC-42A3-9474-1A3956D46DE8}") = "csharp-prep", "csharp-prep", "{C8352792-F0EF-4B97-A8F3-7DF4C201D1B3}"
EndProject
Project("{9A19103F-16F7-4668-BE54-9A1E7A4F7556}") = "Prep1", "csharp-prep\Prep1\Prep1.csproj", "{D865CFED-B552-4200-A8B6-7C0E3F97CCA7}"
EndProject
Project("{9A19103F-16F7-4668-BE54-9A1E7A4F7556}") = "Prep2", "csharp-prep\Prep2\Prep2.csproj", "{4D0A61DA-E50B-4467-A58A-CFA4B13F47F6}"
EndProject
Project("{9A19103F-16F7-4668-BE54-9A1E7A4F7556}") = "Prep3", "csharp-prep\Prep3\Prep3.csproj", "{5B616254-0A52-4931-8FB1-4D7C49CA9479}"
EndProject
Project("{9A19103F-16F7-4668-BE54-9A1E7A4F7556}") = "Prep4", "csharp-prep\Prep4\Prep4.csproj", "{41EA4D69-FE44-4238-A40F-990CA1947DA0}"
EndProject
Project("{9A19103F-16F7-4668-BE54-9A1E7A4F7556}") = "Prep5", "csharp-prep\Prep5\Prep5.csproj", "{7D4D0C83-57B7-45BB-AF64-DED55AFD4532}"
EndProject
Project("{2150E333-8FDC-42A3-9474-1A3956D46DE8}") = "final", "final", "{616842BE-69D8-4E86-A101-0C4B6739E385}"
EndProject
Project("{9A19103F-16F7-4668-BE54-9A1E7A4F7556}") = "FinalProject", "final\FinalProject\FinalProject.csproj", "{06AC1318-6A99-41BF-A733-5E53AA4C55EA}"
EndProject
Project("{9A19103F-16F7-4668-BE54-9A1E7A4F7556}") = "Foundation1", "final\Foundation1\Foundation1.csproj", "{7CDD5A18-963E-4191-8DC8-2C935A9B8FB4}"
EndProject
Project("{9A19103F-16F7-4668-BE54-9A1E7A4F7556}") = "Foundation2", "final\Foundation2\Foundation2.csproj", "{4A4AE1F7-87FA-475F-96F1-C6EFE35EB7D6}"
EndProject
Project("{9A19103F-16F7-4668-BE54-9A1E7A4F7556}") = "Foundation3", "final\Foundation3\Foundation3.csproj", "{17D80FC5-6828-490D-BA18-633A52C4580A}"
EndProject
Project("{9A19103F-16F7-4668-BE54-9A1E7A4F7556}") = "Foundation4", "final\Foundation4\Foundation4.csproj", "{DF0DB75F-6ADC-4275-802E-39A7AA463979}"
EndProject
Project("{2150E333-8FDC-42A3-9474-1A3956D46DE8}") = "prepare", "prepare", "{26224DBF-F96A-4FCD-85B4-53687C6BCF32}"
EndProject
Project("{9A19103F-16F7-4668-BE54-9A1E7A4F7556}") = "Learning02", "prepare\Learning02\Learning02.csproj", "{48516958-B0EC-4C56-A9E8-F61C4BEF4092}"
EndProject
Project("{9A19103F-16F7-4668-BE54-9A1E7A4F7556}") = "Learning03", "prepare\Learning03\Learning03.csproj", "{526170A8-C0B3-4E0B-9A0B-48692C4C689F}"
EndProject
Project("{9A19103F-16F7-4668-BE54-9A1E7A4F7556}") = "Learning04", "prepare\Learning04\Learning04.csproj", "{6A96B80F-ED00-4E7A-90E6-B67C2FFA48E5}"
EndProject
Project("{9A19103F-16F7-4668-BE54-9A1E7A4F7556}") = "Learning05", "prepare\Learning05\Learning05.csproj", "{297BBF32-E9EF-4BBD-96E9-C5E04B5EA5B4}"
EndProject
Project("{2150E333-8FDC-42A3-9474-1A3956D46DE8}") = "prove", "prove", "{58BC2AFF-552B-4232-BCF5-3E5230F07C2F}"
EndProject
Project("{9A19103F-16F7-4668-BE54-9A1E7A4F7556}") = "Develop02", "prove\Develop02\Develop02.csproj", "{EBFD7048-E05F-46BC-9593-2A5FFEA3F49F}"
EndProject
Project("{9A19103F-16F7-4668-BE54-9A1E7A4F7556}") = "Develop03", "prove\Develop03\Develop03.csproj", "{D736B5D3-7678-4533-8A18-14F95E958DE4}"
EndProject
Project("{9A19103F-16F7-4668-BE54-9A1E7A4F7556}") = "Develop04", "prove\Develop04\Develop04.csproj", "{15D536B8-6771-427F-90E8-C054E03F5282}"
EndProject
Project("{9A19103F-16F7-4668-BE54-9A1E7A4F7556}") = "Develop05", "prove\Develop05\Develop05.csproj", "{FF0B86AA-B938-4EA7-8AE9-C05C1741400C}"
EndProject
Project("{2150E333-8FDC-42A3-9474-1A3956D46DE8}") = "sandbox", "sandbox", "{47FE8464-EDFE-4083-9196-B76A08831720}"
EndProject
Project("{9A19103F-16F7-4668-BE54-9A1E7A4F7556}") = "Sandbox", "sandbox\Sandbox\Sandbox.csproj", "{FC88BE9F-48E0-45E0-A8A3-0D51A06300BC}"
EndProject
Global
	GlobalSection(SolutionConfigurationPlatforms) = preSolution
		Debug|Any CPU = Debug|Any CPU
		Release|Any CPU = Release|Any CPU
	EndGlobalSection
	GlobalSection(ProjectConfigurationPlatforms) = postSolution
		{D865CFED-B552-4200-A8B6-7C0E3F97CCA7}.Debug|Any CPU.ActiveCfg = Debug|Any CPU
		{D865CFED-B552-4200-A8B6-7C0E3F97CCA7}.Debug|Any CPU.Build.0 = Debug|Any CPU
		{D865CFED-B552-4200-A8B6-7C0E3F97CCA7}.Release|Any CPU.ActiveCfg = Release|Any CPU
		{D865CFED-B552-4200-A8B6-7C0E3F97CCA7}.Release|Any CPU.Build.0 = Release|Any CPU
		{4D0A61DA-E50B-4467-A58A-CFA4B13F47F6}.Debug|Any CPU.ActiveCfg = Debug|Any CPU
		{4D0A61DA-E50B-4467-A58A-CFA4B13F47F6}.Debug|Any CPU.Build.0 = Debug|Any CPU
		{4D0A61DA-E50B-4467-A58A-CFA4B13F47F6}.Release|Any CPU.ActiveCfg = Release|Any CPU
		{4D0A61DA-E50B-4467-A58A-CFA4B13F47F6}.Release|Any CPU.Build.0 = Release|Any CPU
		{5B616254-0A52-4931-8FB1-4D7C49CA9479}.Debug|Any CPU.ActiveCfg = Debug|Any CPU
		{5B616254-0A52-4931-8FB1-4D7C49CA9479}.Debug|Any CPU.Build.0 = Debug|Any CPU
		{5B616254-0A52-4931-8FB1-4D7C49CA9479}.Release|Any CPU.ActiveCfg = Release|Any CPU
		{5B616254-0A52-4931-8FB1-4D7C49CA9479}.Release|Any CPU.Build.0 = Release|Any CPU
		{41EA4D69-FE44-4238-A40F-990CA1947DA0}.Debug|Any CPU.ActiveCfg = Debug|Any CPU
		{41EA4D69-FE44-4238-A40F-990CA1947DA0}.Debug|Any CPU.Build.0 = Debug|Any CPU
		{41EA4D69-FE44-4238-A40F-990CA1947DA0}.Release|Any CPU.ActiveCfg = Release|Any CPU
		{41EA4D69-FE44-4238-A40F-990CA1947DA0}.Release|Any CPU.Build.0 = Release|Any CPU
		{7D4D0C83-57B7-45BB-AF64-DED55AFD4532}.Debug|Any CPU.ActiveCfg = Debug|Any CPU
		{7D4D0C83-57B7-45BB-AF64-DED55AFD4532}.Debug|Any CPU.Build.0 = Debug|Any CPU
		{7D4D0C83-57B7-45BB-AF64-DED55AFD4532}.Release|Any CPU.ActiveCfg = Release|Any CPU
		{7D4D0C83-57B7-45BB-AF64-DED55AFD4532}.Release|Any CPU.Build.0 = Release|Any CPU
		{06AC1318-6A99-41BF-A733-5E53AA4C55EA}.Debug|Any CPU.ActiveCfg = Debug|Any CPU
		{06AC1318-6A99-41BF-A733-5E53AA4C55EA}.Debug|Any CPU.Build.0 = Debug|Any CPU
		{06AC1318-6A99-41BF-A733-5E53AA4C55EA}.Release|Any CPU.ActiveCfg = Release|Any CPU
		{06AC1318-6A99-41BF-A733-5E53AA4C55EA}.Release|Any CPU.Build.0 = Release|Any CPU
		{7CDD5A18-963E-4191-8DC8-2C935A9B8FB4}.Debug|Any CPU.ActiveCfg = Debug|Any CPU
		{7CDD5A18-963E-4191-8DC8-2C935A9B8FB4}.Debug|Any CPU.Build.0 = Debug|Any CPU
		{7CDD5A18-963E-4191-8DC8-2C935A9B8FB4}.Release|Any CPU.ActiveCfg = Release|Any CPU
		{7CDD5A18-963E-4191-8DC8-2C935A9B8FB4}.Release|Any CPU.Build.0 = Release|Any CPU
		{4A4AE1F7-87FA-475F-96F1-C6EFE35EB7D6}.Debug|Any CPU.ActiveCfg = Debug|Any CPU
		{4A4AE1F7-87FA-475F-96F1-C6EFE35EB7D6}.Debug|Any CPU.Build.0 = Debug|Any CPU
		{4A4AE1F7-87FA-475F-96F1-C6EFE35EB7D6}.Release|Any CPU.ActiveCfg = Release|Any CPU
		{4A4AE1F7-87FA-475F-96F1-C6EFE35EB7D6}.Release|Any CPU.Build.0 = Release|Any CPU
		{17D80FC5-6828-490D-BA18-633A52C4580A}.Debug|Any CPU.ActiveCfg = Debug|Any CPU
		{17D80FC5-6828-490D-BA18-633A52C4580A}.Debug|Any CPU.Build.0 = Debug|Any CPU
		{17D80FC5-6828-490D-BA18-633A52C4580A}.Release|Any CPU.ActiveCfg = Release|Any CPU
		{17D80FC5-6828-490D-BA18-633A52C4580A}.Release|Any CPU.Build.0 = Release|Any CPU
		{DF0DB75F-6ADC-4275-802E-39A7AA463979}.Debug|Any CPU.ActiveCfg = Debug|Any CPU
		{DF0DB75F-6ADC-4275-802E-39A7AA463979}.Debug|Any CPU.Build.0 = Debug|Any CPU
		{DF0DB75F-6ADC-4275-802E-39A7AA463979}.Release|Any CPU.ActiveCfg = Release|Any CPU
		{DF0DB75F-6ADC-4275-802E-39A7AA463979}.Release|Any CPU.Build.0 = Release|Any CPU
		{48516958-B0EC-4C56-A9E8-F61C4BEF4092}.Debug|Any CPU.ActiveCfg = Debug|Any CPU
		{48516958-B0EC-4C56-A9E8-F61C4BEF4092}.Debug|Any CPU.Build.0 = Debug|Any CPU
		{48516958-B0EC-4C56-A9E8-F61C4BEF4092}.Release|Any CPU.ActiveCfg = Release|Any CPU
		{48516958-B0EC-4C56-A9E8-F61C4BEF4092}.Release|Any CPU.Build.0 = Release|Any CPU
		{526170A8-C0B3-4E0B-9A0B-48692C4C689F}.Debug|Any CPU.ActiveCfg = Debug|Any CPU
		{526170A8-C0B3-4E0B-9A0B-48692C4C689F}.Debug|Any CPU.Build.0 = Debug|Any CPU
		{526170A8-C0B3-4E0B-9A0B-48692C4C689F}.Release|Any CPU.ActiveCfg = Release|Any CPU
		{526170A8-C0B3-4E0B-9A0B-48692C4C689F}.Release|Any CPU.Build.0 = Release|Any CPU
		{6A96B80F-ED00-4E7A-90E6-B67C2FFA48E5}.Debug|Any CPU.ActiveCfg = Debug|Any CPU
		{6A96B80F-ED00-4E7A-90E6-B67C2FFA48E5}.Debug|Any CPU.Build.0 = Debug|Any CPU
		{6A96B80F-ED00-4E7A-90E6-B67C2FFA48E5}.Release|Any CPU.ActiveCfg = Release|Any CPU
		{6A96B80F-ED00-4E7A-90E6-B67C2FFA48E5}.Release|Any CPU.Build.0 = Release|Any CPU
		{297BBF32-E9EF-4BBD-96E9-C5E04B5EA5B4}.Debug|Any CPU.ActiveCfg = Debug|Any CPU
		{297BBF32-E9EF-4BBD-96E9-C5E04B5EA5B4}.Debug|Any CPU.Build.0 = Debug|Any CPU
		{297BBF32-E9EF-4BBD-96E9-C5E04B5EA5B4}.Release|Any CPU.ActiveCfg = Release|Any CPU
		{297BBF32-E9EF-4BBD-96E9-C5E04B5EA5B4}.Release|Any CPU.Build.0 = Release|Any CPU
		{EBFD7048-E05F-46BC-9593-2A5FFEA3F49F}.Debug|Any CPU.ActiveCfg = Debug|Any CPU
		{EBFD7048-E05F-46BC-9593-2A5FFEA3F49F}.Debug|Any CPU.Build.0 = Debug|Any CPU
		{EBFD7048-E05F-46BC-9593-2A5FFEA3F49F}.Release|Any CPU.ActiveCfg = Release|Any CPU
		{EBFD7048-E05F-46BC-9593-2A5FFEA3F49F}.Release|Any CPU.Build.0 = Release|Any CPU
		{D736B5D3-7678-4533-8A18-14F95E958DE4}.Debug|Any CPU.ActiveCfg = Debug|Any CPU
		{D736B5D3-7678-4533-8A18-14F95E958DE4}.Debug|Any CPU.Build.0 = Debug|Any CPU
		{D736B5D3-7678-4533-8A18-14F95E958DE4}.Release|Any CPU.ActiveCfg = Release|Any CPU
		{D736B5D3-7678-4533-8A18-14F95E958DE4}.Release|Any CPU.Build.0 = Release|Any CPU
		{15D536B8-6771-427F-90E8-C054E03F5282}.Debug|Any CPU.ActiveCfg = Debug|Any CPU
		{15D536B8-6771-427F-90E8-C054E03F5282}.Debug|Any CPU.Build.0 = Debug|Any CPU
		{15D536B8-6771-427F-90E8-C054E03F5282}.Release|Any CPU.ActiveCfg = Release|Any CPU
		{15D536B8-6771-427F-90E8-C054E03F5282}.Release|Any CPU.Build.0 = Release|Any CPU
		{FF0B86AA-B938-4EA7-8AE9-C05C1741400C}.Debug|Any CPU.ActiveCfg = Debug|Any CPU
		{FF0B86AA-B938-4EA7-8AE9-C05C1741400C}.Debug|Any CPU.Build.0 = Debug|Any CPU
		{FF0B86AA-B938-4EA7-8AE9-C05C1741400C}.Release|Any CPU.ActiveCfg = Release|Any CPU
		{FF0B86AA-B938-4EA7-8AE9-C05C1741400C}.Release|Any CPU.Build.0 = Release|Any CPU
		{FC88BE9F-48E0-45E0-A8A3-0D51A06300BC}.Debug|Any CPU.ActiveCfg = Debug|Any CPU
		{FC88BE9F-48E0-45E0-A8A3-0D51A06300BC}.Debug|Any CPU.Build.0 = Debug|Any CPU
		{FC88BE9F-48E0-45E0-A8A3-0D51A06300BC}.Release|Any CPU.ActiveCfg = Release|Any CPU
		{FC88BE9F-48E0-45E0-A8A3-0D51A06300BC}.Release|Any CPU.Build.0 = Release|Any CPU
	EndGlobalSection
	GlobalSection(SolutionProperties) = preSolution
		HideSolutionNode = FALSE
	EndGlobalSection
	GlobalSection(NestedProjects) = preSolution
		{D865CFED-B552-4200-A8B6-7C0E3F97CCA7} = {C8352792-F0EF-4B97-A8F3-7DF4C201D1B3}
		{4D0A61DA-E50B-4467-A58A-CFA4B13F47F6} = {C8352792-F0EF-4B97-A8F3-7DF4C201D1B3}
		{5B616254-0A52-4931-8FB1-4D7C49CA9479} = {C8352792-F0EF-4B97-A8F3-7DF4C201D1B3}
		{41EA4D69-FE44-4238-A40F-990CA1947DA0} = {C8352792-F0EF-4B97-A8F3-7DF4C201D1B3}
		{7D4D0C83-57B7-45BB-AF64-DED55AFD4532} = {C8352792-F0EF-4B97-A8F3-7DF4C201D1B3}
		{06AC1318-6A99-41BF-A733-5E53AA4C55EA} = {616842BE-69D8-4E86-A101-0C4B6739E385}
		{7CDD5A18-963E-4191-8DC8-2C935A9B8FB4} = {616842BE-69D8-4E86-A101-0C4B6739E385}
		{4A4AE1F7-87FA-475F-96F1-C6EFE35EB7D6} = {616842BE-69D8-4E86-A101-0C4B6739E385}
		{17D80FC5-6828-490D-BA18-633A52C4580A} = {616842BE-69D8-4E86-A101-0C4B6739E385}
		{DF0DB75F-6ADC-4275-802E-39A7AA463979} = {616842BE-69D8-4E86-A101-0C4B6739E385}
		{48516958-B0EC-4C56-A9E8-F61C4BEF4092} = {26224DBF-F96A-4FCD-85B4-53687C6BCF32}
		{526170A8-C0B3-4E0B-9A0B-48692C4C689F} = {26224DBF-F96A-4FCD-85B4-53687C6BCF32}
		{6A96B80F-ED00-4E7A-90E6-B67C2FFA48E5} = {26224DBF-F96A-4FCD-85B4-53687C6BCF32}
		{297BBF32-E9EF-4BBD-96E9-C5E04B5EA5B4} = {26224DBF-F96A-4FCD-85B4-53687C6BCF32}
		{EBFD7048-E05F-46BC-9593-2A5FFEA3F49F} = {58BC2AFF-552B-4232-BCF5-3E5230F07C2F}
		{D736B5D3-7678-4533-8A18-14F95E958DE4} = {58BC2AFF-552B-4232-BCF5-3E5230F07C2F}
		{15D536B8-6771-427F-90E8-C054E03F5282} = {58BC2AFF-552B-4232-BCF5-3E5230F07C2F}
		{FF0B86AA-B938-4EA7-8AE9-C05C1741400C} = {58BC2AFF-552B-4232-BCF5-3E5230F07C2F}
		{FC88BE9F-48E0-45E0-A8A3-0D51A06300BC} = {47FE8464-EDFE-4083-9196-B76A08831720}
	EndGlobalSection
	GlobalSection(ExtensibilityGlobals) = postSolution
		SolutionGuid = {0F37BE4C-FFA7-4BD8-9242-C05EFC519604}
	EndGlobalSection
EndGlobal
